<?xml version="1.0" encoding="utf-8"?>
<Project ToolsVersion="4.0" xmlns="http://schemas.microsoft.com/developer/msbuild/2003">
  <ItemGroup>
    <Filter Include="Source Files">
      <UniqueIdentifier>{4FC737F1-C7A5-4376-A066-2A32D752A2FF}</UniqueIdentifier>
      <Extensions>cpp;c;cc;cxx;c++;cppm;ixx;def;odl;idl;hpj;bat;asm;asmx</Extensions>
    </Filter>
    <Filter Include="Header Files">
      <UniqueIdentifier>{93995380-89BD-4b04-88EB-625FBE52EBFB}</UniqueIdentifier>
      <Extensions>h;hh;hpp;hxx;h++;hm;inl;inc;ipp;xsd</Extensions>
    </Filter>
    <Filter Include="Resource Files">
      <UniqueIdentifier>{67DA6AB6-F800-4c08-8B7A-83BB121AAD01}</UniqueIdentifier>
      <Extensions>rc;ico;cur;bmp;dlg;rc2;rct;bin;rgs;gif;jpg;jpeg;jpe;resx;tiff;tif;png;wav;mfcribbon-ms</Extensions>
    </Filter>
    <Filter Include="Header Files\Graph">
      <UniqueIdentifier>{781c33bf-14a4-4280-817c-3113f54969a8}</UniqueIdentifier>
    </Filter>
  </ItemGroup>
  <ItemGroup>
    <ClInclude Include="engine\layers\layer.h">
      <Filter>Header Files</Filter>
    </ClInclude>
    <ClInclude Include="engine\layers\dense\dense.h">
      <Filter>Header Files</Filter>
    </ClInclude>
    <ClInclude Include="engine\layers\dense\dense.cu">
      <Filter>Header Files</Filter>
    </ClInclude>
    <ClInclude Include="engine\activations\activations.h">
      <Filter>Header Files</Filter>
    </ClInclude>
    <ClInclude Include="engine\utils\cuda_utils.cuh">
      <Filter>Header Files</Filter>
    </ClInclude>
    <ClInclude Include="engine\activations\activations.cuh">
      <Filter>Header Files</Filter>
    </ClInclude>
    <ClInclude Include="engine\optimizers\optimizers.h">
      <Filter>Header Files</Filter>
    </ClInclude>
    <ClInclude Include="engine\network.h">
      <Filter>Header Files</Filter>
    </ClInclude>
    <ClInclude Include="engine\graph\Graph.h">
      <Filter>Header Files</Filter>
    </ClInclude>
    <ClInclude Include="engine\graph\Node.h">
      <Filter>Header Files</Filter>
    </ClInclude>
    <ClInclude Include="engine\layers\activations.h">
      <Filter>Header Files</Filter>
    </ClInclude>
    <ClInclude Include="engine\utils\general_kernels.cuh" />
    <ClInclude Include="engine\base\shape.h">
      <Filter>Header Files</Filter>
    </ClInclude>
    <ClInclude Include="engine\base\tensor.h">
      <Filter>Header Files</Filter>
    </ClInclude>
    <ClInclude Include="engine\losses\losses.h">
      <Filter>Header Files</Filter>
    </ClInclude>
    <ClInclude Include="engine\ops\op.h">
      <Filter>Header Files</Filter>
    </ClInclude>
    <ClInclude Include="engine\ops\mul\mul.h">
      <Filter>Header Files</Filter>
    </ClInclude>
    <ClInclude Include="engine\ops\add\add.h">
      <Filter>Header Files</Filter>
    </ClInclude>
    <ClInclude Include="engine\gradient\gradient.h">
      <Filter>Header Files</Filter>
    </ClInclude>
    <ClInclude Include="engine\vars\input.h">
      <Filter>Header Files</Filter>
    </ClInclude>
    <ClInclude Include="engine\vars\gen_tensor.h">
      <Filter>Header Files</Filter>
    </ClInclude>
    <ClInclude Include="engine\vars\initializers\initializers.h">
      <Filter>Header Files</Filter>
    </ClInclude>
  </ItemGroup>
  <ItemGroup>
    <CudaCompile Include="engine\optimizers\optimizers.cu" />
    <CudaCompile Include="engine\losses\losses.cu" />
    <CudaCompile Include="engine\ops\add\add.cu" />
    <CudaCompile Include="engine\gradient\gradient.cu" />
    <CudaCompile Include="engine\ops\mul\mul.cu" />
  </ItemGroup>
</Project>